
Microsoft Visual Studio Solution File, Format Version 12.00
# Visual Studio Version 16
VisualStudioVersion = 16.0.28803.452
MinimumVisualStudioVersion = 10.0.40219.1
Project("{FAE04EC0-301F-11D3-BF4B-00C04F79EFBC}") = "SalesTracker-BackEnd", "SalesTracker-BackEnd\SalesTracker-BackEnd.csproj", "{2A6E78E4-1A07-4E14-A831-B6E6EFDEEE5A}"
EndProject
Project("{FAE04EC0-301F-11D3-BF4B-00C04F79EFBC}") = "SalesTracker.Domain", "SalesTracker.Domain\SalesTracker.Domain.csproj", "{D9D72599-3CE9-47B6-946F-65AB9DB00234}"
EndProject
Project("{FAE04EC0-301F-11D3-BF4B-00C04F79EFBC}") = "SalesTracker.Infrastructure.Data", "SalesTracker.Infrastructure.Data\SalesTracker.Infrastructure.Data.csproj", "{10AA16BC-D98E-46B8-81A6-208634ACF417}"
EndProject
Global
	GlobalSection(SolutionConfigurationPlatforms) = preSolution
		Debug|Any CPU = Debug|Any CPU
		Release|Any CPU = Release|Any CPU
	EndGlobalSection
	GlobalSection(ProjectConfigurationPlatforms) = postSolution
		{2A6E78E4-1A07-4E14-A831-B6E6EFDEEE5A}.Debug|Any CPU.ActiveCfg = Debug|Any CPU
		{2A6E78E4-1A07-4E14-A831-B6E6EFDEEE5A}.Debug|Any CPU.Build.0 = Debug|Any CPU
		{2A6E78E4-1A07-4E14-A831-B6E6EFDEEE5A}.Release|Any CPU.ActiveCfg = Release|Any CPU
		{2A6E78E4-1A07-4E14-A831-B6E6EFDEEE5A}.Release|Any CPU.Build.0 = Release|Any CPU
		{D9D72599-3CE9-47B6-946F-65AB9DB00234}.Debug|Any CPU.ActiveCfg = Debug|Any CPU
		{D9D72599-3CE9-47B6-946F-65AB9DB00234}.Debug|Any CPU.Build.0 = Debug|Any CPU
		{D9D72599-3CE9-47B6-946F-65AB9DB00234}.Release|Any CPU.ActiveCfg = Release|Any CPU
		{D9D72599-3CE9-47B6-946F-65AB9DB00234}.Release|Any CPU.Build.0 = Release|Any CPU
		{10AA16BC-D98E-46B8-81A6-208634ACF417}.Debug|Any CPU.ActiveCfg = Debug|Any CPU
		{10AA16BC-D98E-46B8-81A6-208634ACF417}.Debug|Any CPU.Build.0 = Debug|Any CPU
		{10AA16BC-D98E-46B8-81A6-208634ACF417}.Release|Any CPU.ActiveCfg = Release|Any CPU
		{10AA16BC-D98E-46B8-81A6-208634ACF417}.Release|Any CPU.Build.0 = Release|Any CPU
	EndGlobalSection
	GlobalSection(SolutionProperties) = preSolution
		HideSolutionNode = FALSE
	EndGlobalSection
	GlobalSection(ExtensibilityGlobals) = postSolution
		SolutionGuid = {60501F48-808D-45EF-A438-9BC6D80BFE55}
	EndGlobalSection
EndGlobal
